
Microsoft Visual Studio Solution File, Format Version 12.00
# Visual Studio Version 17
VisualStudioVersion = 17.4.33103.184
MinimumVisualStudioVersion = 10.0.40219.1
Project("{9A19103F-16F7-4668-BE54-9A1E7A4F7556}") = "Nursan.UI", "Nursan.UI.csproj", "{48E78CAC-6B08-4262-80E1-FDFB6C971F9E}"
	ProjectSection(ProjectDependencies) = postProject
		{FC18A282-C001-49A1-830A-4A235D08A942} = {FC18A282-C001-49A1-830A-4A235D08A942}
	EndProjectSection
EndProject
Project("{9A19103F-16F7-4668-BE54-9A1E7A4F7556}") = "Nursan.Validations", "..\Nursan.Validations\Nursan.Validations.csproj", "{B9B98B93-09E2-4A9D-9397-140E3F089C1D}"
EndProject
Project("{9A19103F-16F7-4668-BE54-9A1E7A4F7556}") = "Nursan.Domain", "..\Nursan.Domain\Nursan.Domain.csproj", "{01148C56-1391-42AE-A8FB-304E651C78A8}"
EndProject
Project("{9A19103F-16F7-4668-BE54-9A1E7A4F7556}") = "Nursan.Persistanse", "..\Nursan.Persistanse\Nursan.Persistanse.csproj", "{332B63A0-AF4F-4C4F-B5DC-791246B4D2D3}"
EndProject
Project("{9A19103F-16F7-4668-BE54-9A1E7A4F7556}") = "Nursan.Business", "..\Nursan.Business\Nursan.Business.csproj", "{259754F7-E477-4757-8524-4665D1597AFF}"
EndProject
Project("{9A19103F-16F7-4668-BE54-9A1E7A4F7556}") = "Nursan.Core", "..\Nursan.Core\Nursan.Core.csproj", "{BC0AF479-7FD8-499B-9FDE-61EC8BF14B51}"
EndProject
Project("{9A19103F-16F7-4668-BE54-9A1E7A4F7556}") = "Nursan.Logging", "..\Nursan.Logging\Nursan.Logging.csproj", "{FC18A282-C001-49A1-830A-4A235D08A942}"
EndProject
Project("{2150E333-8FDC-42A3-9474-1A3956D46DE8}") = "Solution Items", "Solution Items", "{D2FBA6F9-A1E9-43CC-BC44-F39D48FFAE73}"
	ProjectSection(SolutionItems) = preProject
		.editorconfig = .editorconfig
	EndProjectSection
EndProject
Project("{9A19103F-16F7-4668-BE54-9A1E7A4F7556}") = "Nursan.Licenzing", "..\Nursan.Licenzing\Nursan.Licenzing.csproj", "{CBE7923E-20DB-43D5-BC77-091B547E8FCC}"
EndProject
Project("{9A19103F-16F7-4668-BE54-9A1E7A4F7556}") = "Nursan.XMLTools", "..\Nursan.XMLTools\Nursan.XMLTools.csproj", "{8A79C761-001F-4D77-9300-04CF628C8F28}"
EndProject
Project("{9A19103F-16F7-4668-BE54-9A1E7A4F7556}") = "Nursan.PersonalDB", "..\Nursan.PersonalDB\Nursan.PersonalDB.csproj", "{39749AF7-8DA9-466E-8F9C-85F5DF49CF11}"
EndProject
Project("{9A19103F-16F7-4668-BE54-9A1E7A4F7556}") = "Nursan.Personal", "..\Nursan.Personal\Nursan.Personal.csproj", "{A803B397-25A0-4D23-904A-BFD1AF16BFC8}"
EndProject
Project("{9A19103F-16F7-4668-BE54-9A1E7A4F7556}") = "Nursan.Istayon", "..\Nursan.Istayon\Nursan.Istayon.csproj", "{1FE1485A-DFE2-4C58-8E92-E0C988171621}"
EndProject
Project("{FAE04EC0-301F-11D3-BF4B-00C04F79EFBC}") = "Nursan.ORM", "..\Nursan.ORM\Nursan.ORM.csproj", "{9EEC3B3F-227A-34AE-47E4-4B4C9EDEE4B4}"
EndProject
Global
	GlobalSection(SolutionConfigurationPlatforms) = preSolution
		Debug|Any CPU = Debug|Any CPU
		Debug|ARM = Debug|ARM
		Debug|ARM64 = Debug|ARM64
		Debug|x64 = Debug|x64
		Debug|x86 = Debug|x86
		Release|Any CPU = Release|Any CPU
		Release|ARM = Release|ARM
		Release|ARM64 = Release|ARM64
		Release|x64 = Release|x64
		Release|x86 = Release|x86
	EndGlobalSection
	GlobalSection(ProjectConfigurationPlatforms) = postSolution
		{48E78CAC-6B08-4262-80E1-FDFB6C971F9E}.Debug|Any CPU.ActiveCfg = Debug|Any CPU
		{48E78CAC-6B08-4262-80E1-FDFB6C971F9E}.Debug|Any CPU.Build.0 = Debug|Any CPU
		{48E78CAC-6B08-4262-80E1-FDFB6C971F9E}.Debug|ARM.ActiveCfg = Debug|Any CPU
		{48E78CAC-6B08-4262-80E1-FDFB6C971F9E}.Debug|ARM.Build.0 = Debug|Any CPU
		{48E78CAC-6B08-4262-80E1-FDFB6C971F9E}.Debug|ARM64.ActiveCfg = Debug|Any CPU
		{48E78CAC-6B08-4262-80E1-FDFB6C971F9E}.Debug|ARM64.Build.0 = Debug|Any CPU
		{48E78CAC-6B08-4262-80E1-FDFB6C971F9E}.Debug|x64.ActiveCfg = Debug|Any CPU
		{48E78CAC-6B08-4262-80E1-FDFB6C971F9E}.Debug|x64.Build.0 = Debug|Any CPU
		{48E78CAC-6B08-4262-80E1-FDFB6C971F9E}.Debug|x86.ActiveCfg = Debug|x86
		{48E78CAC-6B08-4262-80E1-FDFB6C971F9E}.Debug|x86.Build.0 = Debug|x86
		{48E78CAC-6B08-4262-80E1-FDFB6C971F9E}.Release|Any CPU.ActiveCfg = Release|Any CPU
		{48E78CAC-6B08-4262-80E1-FDFB6C971F9E}.Release|Any CPU.Build.0 = Release|Any CPU
		{48E78CAC-6B08-4262-80E1-FDFB6C971F9E}.Release|ARM.ActiveCfg = Release|Any CPU
		{48E78CAC-6B08-4262-80E1-FDFB6C971F9E}.Release|ARM.Build.0 = Release|Any CPU
		{48E78CAC-6B08-4262-80E1-FDFB6C971F9E}.Release|ARM64.ActiveCfg = Release|Any CPU
		{48E78CAC-6B08-4262-80E1-FDFB6C971F9E}.Release|ARM64.Build.0 = Release|Any CPU
		{48E78CAC-6B08-4262-80E1-FDFB6C971F9E}.Release|x64.ActiveCfg = Release|Any CPU
		{48E78CAC-6B08-4262-80E1-FDFB6C971F9E}.Release|x64.Build.0 = Release|Any CPU
		{48E78CAC-6B08-4262-80E1-FDFB6C971F9E}.Release|x86.ActiveCfg = Release|x86
		{48E78CAC-6B08-4262-80E1-FDFB6C971F9E}.Release|x86.Build.0 = Release|x86
		{B9B98B93-09E2-4A9D-9397-140E3F089C1D}.Debug|Any CPU.ActiveCfg = Debug|Any CPU
		{B9B98B93-09E2-4A9D-9397-140E3F089C1D}.Debug|Any CPU.Build.0 = Debug|Any CPU
		{B9B98B93-09E2-4A9D-9397-140E3F089C1D}.Debug|ARM.ActiveCfg = Debug|Any CPU
		{B9B98B93-09E2-4A9D-9397-140E3F089C1D}.Debug|ARM.Build.0 = Debug|Any CPU
		{B9B98B93-09E2-4A9D-9397-140E3F089C1D}.Debug|ARM64.ActiveCfg = Debug|Any CPU
		{B9B98B93-09E2-4A9D-9397-140E3F089C1D}.Debug|ARM64.Build.0 = Debug|Any CPU
		{B9B98B93-09E2-4A9D-9397-140E3F089C1D}.Debug|x64.ActiveCfg = Debug|Any CPU
		{B9B98B93-09E2-4A9D-9397-140E3F089C1D}.Debug|x64.Build.0 = Debug|Any CPU
		{B9B98B93-09E2-4A9D-9397-140E3F089C1D}.Debug|x86.ActiveCfg = Debug|x86
		{B9B98B93-09E2-4A9D-9397-140E3F089C1D}.Debug|x86.Build.0 = Debug|x86
		{B9B98B93-09E2-4A9D-9397-140E3F089C1D}.Release|Any CPU.ActiveCfg = Release|Any CPU
		{B9B98B93-09E2-4A9D-9397-140E3F089C1D}.Release|Any CPU.Build.0 = Release|Any CPU
		{B9B98B93-09E2-4A9D-9397-140E3F089C1D}.Release|ARM.ActiveCfg = Release|Any CPU
		{B9B98B93-09E2-4A9D-9397-140E3F089C1D}.Release|ARM.Build.0 = Release|Any CPU
		{B9B98B93-09E2-4A9D-9397-140E3F089C1D}.Release|ARM64.ActiveCfg = Release|Any CPU
		{B9B98B93-09E2-4A9D-9397-140E3F089C1D}.Release|ARM64.Build.0 = Release|Any CPU
		{B9B98B93-09E2-4A9D-9397-140E3F089C1D}.Release|x64.ActiveCfg = Release|Any CPU
		{B9B98B93-09E2-4A9D-9397-140E3F089C1D}.Release|x64.Build.0 = Release|Any CPU
		{B9B98B93-09E2-4A9D-9397-140E3F089C1D}.Release|x86.ActiveCfg = Release|x86
		{B9B98B93-09E2-4A9D-9397-140E3F089C1D}.Release|x86.Build.0 = Release|x86
		{01148C56-1391-42AE-A8FB-304E651C78A8}.Debug|Any CPU.ActiveCfg = Debug|Any CPU
		{01148C56-1391-42AE-A8FB-304E651C78A8}.Debug|Any CPU.Build.0 = Debug|Any CPU
		{01148C56-1391-42AE-A8FB-304E651C78A8}.Debug|ARM.ActiveCfg = Debug|Any CPU
		{01148C56-1391-42AE-A8FB-304E651C78A8}.Debug|ARM.Build.0 = Debug|Any CPU
		{01148C56-1391-42AE-A8FB-304E651C78A8}.Debug|ARM64.ActiveCfg = Debug|Any CPU
		{01148C56-1391-42AE-A8FB-304E651C78A8}.Debug|ARM64.Build.0 = Debug|Any CPU
		{01148C56-1391-42AE-A8FB-304E651C78A8}.Debug|x64.ActiveCfg = Debug|Any CPU
		{01148C56-1391-42AE-A8FB-304E651C78A8}.Debug|x64.Build.0 = Debug|Any CPU
		{01148C56-1391-42AE-A8FB-304E651C78A8}.Debug|x86.ActiveCfg = Debug|x86
		{01148C56-1391-42AE-A8FB-304E651C78A8}.Debug|x86.Build.0 = Debug|x86
		{01148C56-1391-42AE-A8FB-304E651C78A8}.Release|Any CPU.ActiveCfg = Release|Any CPU
		{01148C56-1391-42AE-A8FB-304E651C78A8}.Release|Any CPU.Build.0 = Release|Any CPU
		{01148C56-1391-42AE-A8FB-304E651C78A8}.Release|ARM.ActiveCfg = Release|Any CPU
		{01148C56-1391-42AE-A8FB-304E651C78A8}.Release|ARM.Build.0 = Release|Any CPU
		{01148C56-1391-42AE-A8FB-304E651C78A8}.Release|ARM64.ActiveCfg = Release|Any CPU
		{01148C56-1391-42AE-A8FB-304E651C78A8}.Release|ARM64.Build.0 = Release|Any CPU
		{01148C56-1391-42AE-A8FB-304E651C78A8}.Release|x64.ActiveCfg = Release|Any CPU
		{01148C56-1391-42AE-A8FB-304E651C78A8}.Release|x64.Build.0 = Release|Any CPU
		{01148C56-1391-42AE-A8FB-304E651C78A8}.Release|x86.ActiveCfg = Release|x86
		{01148C56-1391-42AE-A8FB-304E651C78A8}.Release|x86.Build.0 = Release|x86
		{332B63A0-AF4F-4C4F-B5DC-791246B4D2D3}.Debug|Any CPU.ActiveCfg = Debug|Any CPU
		{332B63A0-AF4F-4C4F-B5DC-791246B4D2D3}.Debug|Any CPU.Build.0 = Debug|Any CPU
		{332B63A0-AF4F-4C4F-B5DC-791246B4D2D3}.Debug|ARM.ActiveCfg = Debug|Any CPU
		{332B63A0-AF4F-4C4F-B5DC-791246B4D2D3}.Debug|ARM.Build.0 = Debug|Any CPU
		{332B63A0-AF4F-4C4F-B5DC-791246B4D2D3}.Debug|ARM64.ActiveCfg = Debug|Any CPU
		{332B63A0-AF4F-4C4F-B5DC-791246B4D2D3}.Debug|ARM64.Build.0 = Debug|Any CPU
		{332B63A0-AF4F-4C4F-B5DC-791246B4D2D3}.Debug|x64.ActiveCfg = Debug|Any CPU
		{332B63A0-AF4F-4C4F-B5DC-791246B4D2D3}.Debug|x64.Build.0 = Debug|Any CPU
		{332B63A0-AF4F-4C4F-B5DC-791246B4D2D3}.Debug|x86.ActiveCfg = Debug|x86
		{332B63A0-AF4F-4C4F-B5DC-791246B4D2D3}.Debug|x86.Build.0 = Debug|x86
		{332B63A0-AF4F-4C4F-B5DC-791246B4D2D3}.Release|Any CPU.ActiveCfg = Release|Any CPU
		{332B63A0-AF4F-4C4F-B5DC-791246B4D2D3}.Release|Any CPU.Build.0 = Release|Any CPU
		{332B63A0-AF4F-4C4F-B5DC-791246B4D2D3}.Release|ARM.ActiveCfg = Release|Any CPU
		{332B63A0-AF4F-4C4F-B5DC-791246B4D2D3}.Release|ARM.Build.0 = Release|Any CPU
		{332B63A0-AF4F-4C4F-B5DC-791246B4D2D3}.Release|ARM64.ActiveCfg = Release|Any CPU
		{332B63A0-AF4F-4C4F-B5DC-791246B4D2D3}.Release|ARM64.Build.0 = Release|Any CPU
		{332B63A0-AF4F-4C4F-B5DC-791246B4D2D3}.Release|x64.ActiveCfg = Release|Any CPU
		{332B63A0-AF4F-4C4F-B5DC-791246B4D2D3}.Release|x64.Build.0 = Release|Any CPU
		{332B63A0-AF4F-4C4F-B5DC-791246B4D2D3}.Release|x86.ActiveCfg = Release|x86
		{332B63A0-AF4F-4C4F-B5DC-791246B4D2D3}.Release|x86.Build.0 = Release|x86
		{259754F7-E477-4757-8524-4665D1597AFF}.Debug|Any CPU.ActiveCfg = Debug|Any CPU
		{259754F7-E477-4757-8524-4665D1597AFF}.Debug|Any CPU.Build.0 = Debug|Any CPU
		{259754F7-E477-4757-8524-4665D1597AFF}.Debug|ARM.ActiveCfg = Debug|Any CPU
		{259754F7-E477-4757-8524-4665D1597AFF}.Debug|ARM.Build.0 = Debug|Any CPU
		{259754F7-E477-4757-8524-4665D1597AFF}.Debug|ARM64.ActiveCfg = Debug|Any CPU
		{259754F7-E477-4757-8524-4665D1597AFF}.Debug|ARM64.Build.0 = Debug|Any CPU
		{259754F7-E477-4757-8524-4665D1597AFF}.Debug|x64.ActiveCfg = Debug|Any CPU
		{259754F7-E477-4757-8524-4665D1597AFF}.Debug|x64.Build.0 = Debug|Any CPU
		{259754F7-E477-4757-8524-4665D1597AFF}.Debug|x86.ActiveCfg = Debug|x86
		{259754F7-E477-4757-8524-4665D1597AFF}.Debug|x86.Build.0 = Debug|x86
		{259754F7-E477-4757-8524-4665D1597AFF}.Release|Any CPU.ActiveCfg = Release|Any CPU
		{259754F7-E477-4757-8524-4665D1597AFF}.Release|Any CPU.Build.0 = Release|Any CPU
		{259754F7-E477-4757-8524-4665D1597AFF}.Release|ARM.ActiveCfg = Release|Any CPU
		{259754F7-E477-4757-8524-4665D1597AFF}.Release|ARM.Build.0 = Release|Any CPU
		{259754F7-E477-4757-8524-4665D1597AFF}.Release|ARM64.ActiveCfg = Release|Any CPU
		{259754F7-E477-4757-8524-4665D1597AFF}.Release|ARM64.Build.0 = Release|Any CPU
		{259754F7-E477-4757-8524-4665D1597AFF}.Release|x64.ActiveCfg = Release|Any CPU
		{259754F7-E477-4757-8524-4665D1597AFF}.Release|x64.Build.0 = Release|Any CPU
		{259754F7-E477-4757-8524-4665D1597AFF}.Release|x86.ActiveCfg = Release|x86
		{259754F7-E477-4757-8524-4665D1597AFF}.Release|x86.Build.0 = Release|x86
		{BC0AF479-7FD8-499B-9FDE-61EC8BF14B51}.Debug|Any CPU.ActiveCfg = Debug|Any CPU
		{BC0AF479-7FD8-499B-9FDE-61EC8BF14B51}.Debug|Any CPU.Build.0 = Debug|Any CPU
		{BC0AF479-7FD8-499B-9FDE-61EC8BF14B51}.Debug|ARM.ActiveCfg = Debug|Any CPU
		{BC0AF479-7FD8-499B-9FDE-61EC8BF14B51}.Debug|ARM.Build.0 = Debug|Any CPU
		{BC0AF479-7FD8-499B-9FDE-61EC8BF14B51}.Debug|ARM64.ActiveCfg = Debug|Any CPU
		{BC0AF479-7FD8-499B-9FDE-61EC8BF14B51}.Debug|ARM64.Build.0 = Debug|Any CPU
		{BC0AF479-7FD8-499B-9FDE-61EC8BF14B51}.Debug|x64.ActiveCfg = Debug|Any CPU
		{BC0AF479-7FD8-499B-9FDE-61EC8BF14B51}.Debug|x64.Build.0 = Debug|Any CPU
		{BC0AF479-7FD8-499B-9FDE-61EC8BF14B51}.Debug|x86.ActiveCfg = Debug|x86
		{BC0AF479-7FD8-499B-9FDE-61EC8BF14B51}.Debug|x86.Build.0 = Debug|x86
		{BC0AF479-7FD8-499B-9FDE-61EC8BF14B51}.Release|Any CPU.ActiveCfg = Release|Any CPU
		{BC0AF479-7FD8-499B-9FDE-61EC8BF14B51}.Release|Any CPU.Build.0 = Release|Any CPU
		{BC0AF479-7FD8-499B-9FDE-61EC8BF14B51}.Release|ARM.ActiveCfg = Release|Any CPU
		{BC0AF479-7FD8-499B-9FDE-61EC8BF14B51}.Release|ARM.Build.0 = Release|Any CPU
		{BC0AF479-7FD8-499B-9FDE-61EC8BF14B51}.Release|ARM64.ActiveCfg = Release|Any CPU
		{BC0AF479-7FD8-499B-9FDE-61EC8BF14B51}.Release|ARM64.Build.0 = Release|Any CPU
		{BC0AF479-7FD8-499B-9FDE-61EC8BF14B51}.Release|x64.ActiveCfg = Release|Any CPU
		{BC0AF479-7FD8-499B-9FDE-61EC8BF14B51}.Release|x64.Build.0 = Release|Any CPU
		{BC0AF479-7FD8-499B-9FDE-61EC8BF14B51}.Release|x86.ActiveCfg = Release|x86
		{BC0AF479-7FD8-499B-9FDE-61EC8BF14B51}.Release|x86.Build.0 = Release|x86
		{FC18A282-C001-49A1-830A-4A235D08A942}.Debug|Any CPU.ActiveCfg = Debug|Any CPU
		{FC18A282-C001-49A1-830A-4A235D08A942}.Debug|Any CPU.Build.0 = Debug|Any CPU
		{FC18A282-C001-49A1-830A-4A235D08A942}.Debug|ARM.ActiveCfg = Debug|Any CPU
		{FC18A282-C001-49A1-830A-4A235D08A942}.Debug|ARM.Build.0 = Debug|Any CPU
		{FC18A282-C001-49A1-830A-4A235D08A942}.Debug|ARM64.ActiveCfg = Debug|Any CPU
		{FC18A282-C001-49A1-830A-4A235D08A942}.Debug|ARM64.Build.0 = Debug|Any CPU
		{FC18A282-C001-49A1-830A-4A235D08A942}.Debug|x64.ActiveCfg = Debug|Any CPU
		{FC18A282-C001-49A1-830A-4A235D08A942}.Debug|x64.Build.0 = Debug|Any CPU
		{FC18A282-C001-49A1-830A-4A235D08A942}.Debug|x86.ActiveCfg = Debug|x86
		{FC18A282-C001-49A1-830A-4A235D08A942}.Debug|x86.Build.0 = Debug|x86
		{FC18A282-C001-49A1-830A-4A235D08A942}.Release|Any CPU.ActiveCfg = Release|Any CPU
		{FC18A282-C001-49A1-830A-4A235D08A942}.Release|Any CPU.Build.0 = Release|Any CPU
		{FC18A282-C001-49A1-830A-4A235D08A942}.Release|ARM.ActiveCfg = Release|Any CPU
		{FC18A282-C001-49A1-830A-4A235D08A942}.Release|ARM.Build.0 = Release|Any CPU
		{FC18A282-C001-49A1-830A-4A235D08A942}.Release|ARM64.ActiveCfg = Release|Any CPU
		{FC18A282-C001-49A1-830A-4A235D08A942}.Release|ARM64.Build.0 = Release|Any CPU
		{FC18A282-C001-49A1-830A-4A235D08A942}.Release|x64.ActiveCfg = Release|Any CPU
		{FC18A282-C001-49A1-830A-4A235D08A942}.Release|x64.Build.0 = Release|Any CPU
		{FC18A282-C001-49A1-830A-4A235D08A942}.Release|x86.ActiveCfg = Release|x86
		{FC18A282-C001-49A1-830A-4A235D08A942}.Release|x86.Build.0 = Release|x86
		{CBE7923E-20DB-43D5-BC77-091B547E8FCC}.Debug|Any CPU.ActiveCfg = Debug|Any CPU
		{CBE7923E-20DB-43D5-BC77-091B547E8FCC}.Debug|Any CPU.Build.0 = Debug|Any CPU
		{CBE7923E-20DB-43D5-BC77-091B547E8FCC}.Debug|ARM.ActiveCfg = Debug|Any CPU
		{CBE7923E-20DB-43D5-BC77-091B547E8FCC}.Debug|ARM.Build.0 = Debug|Any CPU
		{CBE7923E-20DB-43D5-BC77-091B547E8FCC}.Debug|ARM64.ActiveCfg = Debug|Any CPU
		{CBE7923E-20DB-43D5-BC77-091B547E8FCC}.Debug|ARM64.Build.0 = Debug|Any CPU
		{CBE7923E-20DB-43D5-BC77-091B547E8FCC}.Debug|x64.ActiveCfg = Debug|Any CPU
		{CBE7923E-20DB-43D5-BC77-091B547E8FCC}.Debug|x64.Build.0 = Debug|Any CPU
		{CBE7923E-20DB-43D5-BC77-091B547E8FCC}.Debug|x86.ActiveCfg = Debug|Any CPU
		{CBE7923E-20DB-43D5-BC77-091B547E8FCC}.Debug|x86.Build.0 = Debug|Any CPU
		{CBE7923E-20DB-43D5-BC77-091B547E8FCC}.Release|Any CPU.ActiveCfg = Release|Any CPU
		{CBE7923E-20DB-43D5-BC77-091B547E8FCC}.Release|Any CPU.Build.0 = Release|Any CPU
		{CBE7923E-20DB-43D5-BC77-091B547E8FCC}.Release|ARM.ActiveCfg = Release|Any CPU
		{CBE7923E-20DB-43D5-BC77-091B547E8FCC}.Release|ARM.Build.0 = Release|Any CPU
		{CBE7923E-20DB-43D5-BC77-091B547E8FCC}.Release|ARM64.ActiveCfg = Release|Any CPU
		{CBE7923E-20DB-43D5-BC77-091B547E8FCC}.Release|ARM64.Build.0 = Release|Any CPU
		{CBE7923E-20DB-43D5-BC77-091B547E8FCC}.Release|x64.ActiveCfg = Release|Any CPU
		{CBE7923E-20DB-43D5-BC77-091B547E8FCC}.Release|x64.Build.0 = Release|Any CPU
		{CBE7923E-20DB-43D5-BC77-091B547E8FCC}.Release|x86.ActiveCfg = Release|Any CPU
		{CBE7923E-20DB-43D5-BC77-091B547E8FCC}.Release|x86.Build.0 = Release|Any CPU
		{8A79C761-001F-4D77-9300-04CF628C8F28}.Debug|Any CPU.ActiveCfg = Debug|Any CPU
		{8A79C761-001F-4D77-9300-04CF628C8F28}.Debug|Any CPU.Build.0 = Debug|Any CPU
		{8A79C761-001F-4D77-9300-04CF628C8F28}.Debug|ARM.ActiveCfg = Debug|Any CPU
		{8A79C761-001F-4D77-9300-04CF628C8F28}.Debug|ARM.Build.0 = Debug|Any CPU
		{8A79C761-001F-4D77-9300-04CF628C8F28}.Debug|ARM64.ActiveCfg = Debug|Any CPU
		{8A79C761-001F-4D77-9300-04CF628C8F28}.Debug|ARM64.Build.0 = Debug|Any CPU
		{8A79C761-001F-4D77-9300-04CF628C8F28}.Debug|x64.ActiveCfg = Debug|Any CPU
		{8A79C761-001F-4D77-9300-04CF628C8F28}.Debug|x64.Build.0 = Debug|Any CPU
		{8A79C761-001F-4D77-9300-04CF628C8F28}.Debug|x86.ActiveCfg = Debug|Any CPU
		{8A79C761-001F-4D77-9300-04CF628C8F28}.Debug|x86.Build.0 = Debug|Any CPU
		{8A79C761-001F-4D77-9300-04CF628C8F28}.Release|Any CPU.ActiveCfg = Release|Any CPU
		{8A79C761-001F-4D77-9300-04CF628C8F28}.Release|Any CPU.Build.0 = Release|Any CPU
		{8A79C761-001F-4D77-9300-04CF628C8F28}.Release|ARM.ActiveCfg = Release|Any CPU
		{8A79C761-001F-4D77-9300-04CF628C8F28}.Release|ARM.Build.0 = Release|Any CPU
		{8A79C761-001F-4D77-9300-04CF628C8F28}.Release|ARM64.ActiveCfg = Release|Any CPU
		{8A79C761-001F-4D77-9300-04CF628C8F28}.Release|ARM64.Build.0 = Release|Any CPU
		{8A79C761-001F-4D77-9300-04CF628C8F28}.Release|x64.ActiveCfg = Release|Any CPU
		{8A79C761-001F-4D77-9300-04CF628C8F28}.Release|x64.Build.0 = Release|Any CPU
		{8A79C761-001F-4D77-9300-04CF628C8F28}.Release|x86.ActiveCfg = Release|Any CPU
		{8A79C761-001F-4D77-9300-04CF628C8F28}.Release|x86.Build.0 = Release|Any CPU
		{39749AF7-8DA9-466E-8F9C-85F5DF49CF11}.Debug|Any CPU.ActiveCfg = Debug|Any CPU
		{39749AF7-8DA9-466E-8F9C-85F5DF49CF11}.Debug|Any CPU.Build.0 = Debug|Any CPU
		{39749AF7-8DA9-466E-8F9C-85F5DF49CF11}.Debug|ARM.ActiveCfg = Debug|Any CPU
		{39749AF7-8DA9-466E-8F9C-85F5DF49CF11}.Debug|ARM.Build.0 = Debug|Any CPU
		{39749AF7-8DA9-466E-8F9C-85F5DF49CF11}.Debug|ARM64.ActiveCfg = Debug|Any CPU
		{39749AF7-8DA9-466E-8F9C-85F5DF49CF11}.Debug|ARM64.Build.0 = Debug|Any CPU
		{39749AF7-8DA9-466E-8F9C-85F5DF49CF11}.Debug|x64.ActiveCfg = Debug|Any CPU
		{39749AF7-8DA9-466E-8F9C-85F5DF49CF11}.Debug|x64.Build.0 = Debug|Any CPU
		{39749AF7-8DA9-466E-8F9C-85F5DF49CF11}.Debug|x86.ActiveCfg = Debug|Any CPU
		{39749AF7-8DA9-466E-8F9C-85F5DF49CF11}.Debug|x86.Build.0 = Debug|Any CPU
		{39749AF7-8DA9-466E-8F9C-85F5DF49CF11}.Release|Any CPU.ActiveCfg = Release|Any CPU
		{39749AF7-8DA9-466E-8F9C-85F5DF49CF11}.Release|Any CPU.Build.0 = Release|Any CPU
		{39749AF7-8DA9-466E-8F9C-85F5DF49CF11}.Release|ARM.ActiveCfg = Release|Any CPU
		{39749AF7-8DA9-466E-8F9C-85F5DF49CF11}.Release|ARM.Build.0 = Release|Any CPU
		{39749AF7-8DA9-466E-8F9C-85F5DF49CF11}.Release|ARM64.ActiveCfg = Release|Any CPU
		{39749AF7-8DA9-466E-8F9C-85F5DF49CF11}.Release|ARM64.Build.0 = Release|Any CPU
		{39749AF7-8DA9-466E-8F9C-85F5DF49CF11}.Release|x64.ActiveCfg = Release|Any CPU
		{39749AF7-8DA9-466E-8F9C-85F5DF49CF11}.Release|x64.Build.0 = Release|Any CPU
		{39749AF7-8DA9-466E-8F9C-85F5DF49CF11}.Release|x86.ActiveCfg = Release|Any CPU
		{39749AF7-8DA9-466E-8F9C-85F5DF49CF11}.Release|x86.Build.0 = Release|Any CPU
		{A803B397-25A0-4D23-904A-BFD1AF16BFC8}.Debug|Any CPU.ActiveCfg = Debug|Any CPU
		{A803B397-25A0-4D23-904A-BFD1AF16BFC8}.Debug|Any CPU.Build.0 = Debug|Any CPU
		{A803B397-25A0-4D23-904A-BFD1AF16BFC8}.Debug|ARM.ActiveCfg = Debug|Any CPU
		{A803B397-25A0-4D23-904A-BFD1AF16BFC8}.Debug|ARM.Build.0 = Debug|Any CPU
		{A803B397-25A0-4D23-904A-BFD1AF16BFC8}.Debug|ARM64.ActiveCfg = Debug|Any CPU
		{A803B397-25A0-4D23-904A-BFD1AF16BFC8}.Debug|ARM64.Build.0 = Debug|Any CPU
		{A803B397-25A0-4D23-904A-BFD1AF16BFC8}.Debug|x64.ActiveCfg = Debug|Any CPU
		{A803B397-25A0-4D23-904A-BFD1AF16BFC8}.Debug|x64.Build.0 = Debug|Any CPU
		{A803B397-25A0-4D23-904A-BFD1AF16BFC8}.Debug|x86.ActiveCfg = Debug|Any CPU
		{A803B397-25A0-4D23-904A-BFD1AF16BFC8}.Debug|x86.Build.0 = Debug|Any CPU
		{A803B397-25A0-4D23-904A-BFD1AF16BFC8}.Release|Any CPU.ActiveCfg = Release|Any CPU
		{A803B397-25A0-4D23-904A-BFD1AF16BFC8}.Release|Any CPU.Build.0 = Release|Any CPU
		{A803B397-25A0-4D23-904A-BFD1AF16BFC8}.Release|ARM.ActiveCfg = Release|Any CPU
		{A803B397-25A0-4D23-904A-BFD1AF16BFC8}.Release|ARM.Build.0 = Release|Any CPU
		{A803B397-25A0-4D23-904A-BFD1AF16BFC8}.Release|ARM64.ActiveCfg = Release|Any CPU
		{A803B397-25A0-4D23-904A-BFD1AF16BFC8}.Release|ARM64.Build.0 = Release|Any CPU
		{A803B397-25A0-4D23-904A-BFD1AF16BFC8}.Release|x64.ActiveCfg = Release|Any CPU
		{A803B397-25A0-4D23-904A-BFD1AF16BFC8}.Release|x64.Build.0 = Release|Any CPU
		{A803B397-25A0-4D23-904A-BFD1AF16BFC8}.Release|x86.ActiveCfg = Release|Any CPU
		{A803B397-25A0-4D23-904A-BFD1AF16BFC8}.Release|x86.Build.0 = Release|Any CPU
		{1FE1485A-DFE2-4C58-8E92-E0C988171621}.Debug|Any CPU.ActiveCfg = Debug|Any CPU
		{1FE1485A-DFE2-4C58-8E92-E0C988171621}.Debug|Any CPU.Build.0 = Debug|Any CPU
		{1FE1485A-DFE2-4C58-8E92-E0C988171621}.Debug|ARM.ActiveCfg = Debug|Any CPU
		{1FE1485A-DFE2-4C58-8E92-E0C988171621}.Debug|ARM.Build.0 = Debug|Any CPU
		{1FE1485A-DFE2-4C58-8E92-E0C988171621}.Debug|ARM64.ActiveCfg = Debug|Any CPU
		{1FE1485A-DFE2-4C58-8E92-E0C988171621}.Debug|ARM64.Build.0 = Debug|Any CPU
		{1FE1485A-DFE2-4C58-8E92-E0C988171621}.Debug|x64.ActiveCfg = Debug|Any CPU
		{1FE1485A-DFE2-4C58-8E92-E0C988171621}.Debug|x64.Build.0 = Debug|Any CPU
		{1FE1485A-DFE2-4C58-8E92-E0C988171621}.Debug|x86.ActiveCfg = Debug|Any CPU
		{1FE1485A-DFE2-4C58-8E92-E0C988171621}.Debug|x86.Build.0 = Debug|Any CPU
		{1FE1485A-DFE2-4C58-8E92-E0C988171621}.Release|Any CPU.ActiveCfg = Release|Any CPU
		{1FE1485A-DFE2-4C58-8E92-E0C988171621}.Release|Any CPU.Build.0 = Release|Any CPU
		{1FE1485A-DFE2-4C58-8E92-E0C988171621}.Release|ARM.ActiveCfg = Release|Any CPU
		{1FE1485A-DFE2-4C58-8E92-E0C988171621}.Release|ARM.Build.0 = Release|Any CPU
		{1FE1485A-DFE2-4C58-8E92-E0C988171621}.Release|ARM64.ActiveCfg = Release|Any CPU
		{1FE1485A-DFE2-4C58-8E92-E0C988171621}.Release|ARM64.Build.0 = Release|Any CPU
		{1FE1485A-DFE2-4C58-8E92-E0C988171621}.Release|x64.ActiveCfg = Release|Any CPU
		{1FE1485A-DFE2-4C58-8E92-E0C988171621}.Release|x64.Build.0 = Release|Any CPU
		{1FE1485A-DFE2-4C58-8E92-E0C988171621}.Release|x86.ActiveCfg = Release|Any CPU
		{1FE1485A-DFE2-4C58-8E92-E0C988171621}.Release|x86.Build.0 = Release|Any CPU
		{9EEC3B3F-227A-34AE-47E4-4B4C9EDEE4B4}.Debug|Any CPU.ActiveCfg = Debug|Any CPU
		{9EEC3B3F-227A-34AE-47E4-4B4C9EDEE4B4}.Debug|Any CPU.Build.0 = Debug|Any CPU
		{9EEC3B3F-227A-34AE-47E4-4B4C9EDEE4B4}.Debug|ARM.ActiveCfg = Debug|Any CPU
		{9EEC3B3F-227A-34AE-47E4-4B4C9EDEE4B4}.Debug|ARM.Build.0 = Debug|Any CPU
		{9EEC3B3F-227A-34AE-47E4-4B4C9EDEE4B4}.Debug|ARM64.ActiveCfg = Debug|Any CPU
		{9EEC3B3F-227A-34AE-47E4-4B4C9EDEE4B4}.Debug|ARM64.Build.0 = Debug|Any CPU
		{9EEC3B3F-227A-34AE-47E4-4B4C9EDEE4B4}.Debug|x64.ActiveCfg = Debug|Any CPU
		{9EEC3B3F-227A-34AE-47E4-4B4C9EDEE4B4}.Debug|x64.Build.0 = Debug|Any CPU
		{9EEC3B3F-227A-34AE-47E4-4B4C9EDEE4B4}.Debug|x86.ActiveCfg = Debug|Any CPU
		{9EEC3B3F-227A-34AE-47E4-4B4C9EDEE4B4}.Debug|x86.Build.0 = Debug|Any CPU
		{9EEC3B3F-227A-34AE-47E4-4B4C9EDEE4B4}.Release|Any CPU.ActiveCfg = Release|Any CPU
		{9EEC3B3F-227A-34AE-47E4-4B4C9EDEE4B4}.Release|Any CPU.Build.0 = Release|Any CPU
		{9EEC3B3F-227A-34AE-47E4-4B4C9EDEE4B4}.Release|ARM.ActiveCfg = Release|Any CPU
		{9EEC3B3F-227A-34AE-47E4-4B4C9EDEE4B4}.Release|ARM.Build.0 = Release|Any CPU
		{9EEC3B3F-227A-34AE-47E4-4B4C9EDEE4B4}.Release|ARM64.ActiveCfg = Release|Any CPU
		{9EEC3B3F-227A-34AE-47E4-4B4C9EDEE4B4}.Release|ARM64.Build.0 = Release|Any CPU
		{9EEC3B3F-227A-34AE-47E4-4B4C9EDEE4B4}.Release|x64.ActiveCfg = Release|Any CPU
		{9EEC3B3F-227A-34AE-47E4-4B4C9EDEE4B4}.Release|x64.Build.0 = Release|Any CPU
		{9EEC3B3F-227A-34AE-47E4-4B4C9EDEE4B4}.Release|x86.ActiveCfg = Release|Any CPU
		{9EEC3B3F-227A-34AE-47E4-4B4C9EDEE4B4}.Release|x86.Build.0 = Release|Any CPU
	EndGlobalSection
	GlobalSection(SolutionProperties) = preSolution
		HideSolutionNode = FALSE
	EndGlobalSection
	GlobalSection(ExtensibilityGlobals) = postSolution
		SolutionGuid = {802C03E4-D2B5-4655-95C1-0299C3397D52}
	EndGlobalSection
EndGlobal
